{
  "nodes": {
    "home-manager": {
      "inputs": {
        "nixpkgs": [
          "nixpkgs"
        ]
      },
      "locked": {
        "lastModified": 1731535640,
        "narHash": "sha256-2EckCJn4wxran/TsRiCOFcmVpep2m9EBKl99NBh2GnM=",
        "owner": "nix-community",
        "repo": "home-manager",
        "rev": "35b055009afd0107b69c286fca34d2ad98940d57",
        "type": "github"
      },
      "original": {
        "owner": "nix-community",
        "repo": "home-manager",
        "type": "github"
      }
    },
    "nix-darwin": {
      "inputs": {
        "nixpkgs": [
          "nixpkgs"
        ]
      },
      "locked": {
        "lastModified": 1731454423,
        "narHash": "sha256-TtwvgFxUa0wyptLhQbKaixgNW1UXf3+TDqfX3Kp63oM=",
        "owner": "LnL7",
        "repo": "nix-darwin",
        "rev": "6c71c49e2448e51ad830ed211024e6d0edc50116",
        "type": "github"
      },
      "original": {
        "owner": "LnL7",
        "repo": "nix-darwin",
        "type": "github"
      }
    },
    "nixpkgs": {
      "locked": {
        "lastModified": 1731139594,
        "narHash": "sha256-IigrKK3vYRpUu+HEjPL/phrfh7Ox881er1UEsZvw9Q4=",
        "owner": "nixos",
        "repo": "nixpkgs",
        "rev": "76612b17c0ce71689921ca12d9ffdc9c23ce40b2",
        "type": "github"
      },
      "original": {
        "owner": "nixos",
        "ref": "nixos-unstable",
        "repo": "nixpkgs",
        "type": "github"
      }
    },
    "nur": {
      "locked": {
        "lastModified": 1731561145,
        "narHash": "sha256-OC9Tx1y7m/vs+i4TnvWfkgAR36z4ax5SV5pygm5roG8=",
        "owner": "nix-community",
        "repo": "nur",
        "rev": "079b8eda3a720dce65c8af244fb70bb88675ab5e",
        "type": "github"
      },
      "original": {
        "owner": "nix-community",
        "repo": "nur",
        "type": "github"
      }
    },
    "root": {
      "inputs": {
        "home-manager": "home-manager",
        "nix-darwin": "nix-darwin",
        "nixpkgs": "nixpkgs",
        "nur": "nur"
      }
    }
  },
  "root": "root",
  "version": 7
}
